// !$*UTF8*$!
{
	archiveVersion = 1;
	classes = {
	};
	objectVersion = 56;
	objects = {

/* Begin PBXBuildFile section */
		91AC8F642C1407BC00316BD7 /* Assets.xcassets in Resources */ = {isa = PBXBuildFile; fileRef = 91AC8F632C1407BC00316BD7 /* Assets.xcassets */; };
		91AC8F672C1407BC00316BD7 /* Preview Assets.xcassets in Resources */ = {isa = PBXBuildFile; fileRef = 91AC8F662C1407BC00316BD7 /* Preview Assets.xcassets */; };
		91AC8F6F2C1407F200316BD7 /* ComposableArchitecture in Frameworks */ = {isa = PBXBuildFile; productRef = 91AC8F6E2C1407F200316BD7 /* ComposableArchitecture */; };
		91AC8F772C14081C00316BD7 /* VoiceMemosTests.swift in Sources */ = {isa = PBXBuildFile; fileRef = 91AC8F762C14081C00316BD7 /* VoiceMemosTests.swift */; };
		91AC8F8A2C14089800316BD7 /* VoiceMemos.swift in Sources */ = {isa = PBXBuildFile; fileRef = 91AC8F7E2C14089800316BD7 /* VoiceMemos.swift */; };
		91AC8F8B2C14089800316BD7 /* RecordingMemo.swift in Sources */ = {isa = PBXBuildFile; fileRef = 91AC8F7F2C14089800316BD7 /* RecordingMemo.swift */; };
		91AC8F8C2C14089800316BD7 /* Dependencies.swift in Sources */ = {isa = PBXBuildFile; fileRef = 91AC8F802C14089800316BD7 /* Dependencies.swift */; };
		91AC8F8D2C14089800316BD7 /* VoiceMemosApp.swift in Sources */ = {isa = PBXBuildFile; fileRef = 91AC8F812C14089800316BD7 /* VoiceMemosApp.swift */; };
		91AC8F8E2C14089800316BD7 /* AudioRecorderClient.swift in Sources */ = {isa = PBXBuildFile; fileRef = 91AC8F822C14089800316BD7 /* AudioRecorderClient.swift */; };
		91AC8F8F2C14089800316BD7 /* LiveAudioRecorderClient.swift in Sources */ = {isa = PBXBuildFile; fileRef = 91AC8F832C14089800316BD7 /* LiveAudioRecorderClient.swift */; };
		91AC8F902C14089800316BD7 /* VoiceMemo.swift in Sources */ = {isa = PBXBuildFile; fileRef = 91AC8F852C14089800316BD7 /* VoiceMemo.swift */; };
		91AC8F912C14089800316BD7 /* AudioPlayerClient.swift in Sources */ = {isa = PBXBuildFile; fileRef = 91AC8F862C14089800316BD7 /* AudioPlayerClient.swift */; };
		91AC8F922C14089800316BD7 /* LiveAudioPlayerClient.swift in Sources */ = {isa = PBXBuildFile; fileRef = 91AC8F872C14089800316BD7 /* LiveAudioPlayerClient.swift */; };
		91AC8F932C14089800316BD7 /* Helpers.swift in Sources */ = {isa = PBXBuildFile; fileRef = 91AC8F892C14089800316BD7 /* Helpers.swift */; };
/* End PBXBuildFile section */

/* Begin PBXContainerItemProxy section */
		91AC8F782C14081C00316BD7 /* PBXContainerItemProxy */ = {
			isa = PBXContainerItemProxy;
			containerPortal = 91AC8F542C1407BB00316BD7 /* Project object */;
			proxyType = 1;
			remoteGlobalIDString = 91AC8F5B2C1407BB00316BD7;
			remoteInfo = VoiceMemos;
		};
/* End PBXContainerItemProxy section */

/* Begin PBXFileReference section */
		91AC8F5C2C1407BB00316BD7 /* VoiceMemos.app */ = {isa = PBXFileReference; explicitFileType = wrapper.application; includeInIndex = 0; path = VoiceMemos.app; sourceTree = BUILT_PRODUCTS_DIR; };
		91AC8F632C1407BC00316BD7 /* Assets.xcassets */ = {isa = PBXFileReference; lastKnownFileType = folder.assetcatalog; path = Assets.xcassets; sourceTree = "<group>"; };
		91AC8F662C1407BC00316BD7 /* Preview Assets.xcassets */ = {isa = PBXFileReference; lastKnownFileType = folder.assetcatalog; path = "Preview Assets.xcassets"; sourceTree = "<group>"; };
		91AC8F742C14081C00316BD7 /* VoiceMemosTests.xctest */ = {isa = PBXFileReference; explicitFileType = wrapper.cfbundle; includeInIndex = 0; path = VoiceMemosTests.xctest; sourceTree = BUILT_PRODUCTS_DIR; };
		91AC8F762C14081C00316BD7 /* VoiceMemosTests.swift */ = {isa = PBXFileReference; lastKnownFileType = sourcecode.swift; path = VoiceMemosTests.swift; sourceTree = "<group>"; };
		91AC8F7D2C14086700316BD7 /* Info.plist */ = {isa = PBXFileReference; lastKnownFileType = text.plist; path = Info.plist; sourceTree = "<group>"; };
		91AC8F7E2C14089800316BD7 /* VoiceMemos.swift */ = {isa = PBXFileReference; fileEncoding = 4; lastKnownFileType = sourcecode.swift; path = VoiceMemos.swift; sourceTree = "<group>"; };
		91AC8F7F2C14089800316BD7 /* RecordingMemo.swift */ = {isa = PBXFileReference; fileEncoding = 4; lastKnownFileType = sourcecode.swift; path = RecordingMemo.swift; sourceTree = "<group>"; };
		91AC8F802C14089800316BD7 /* Dependencies.swift */ = {isa = PBXFileReference; fileEncoding = 4; lastKnownFileType = sourcecode.swift; path = Dependencies.swift; sourceTree = "<group>"; };
		91AC8F812C14089800316BD7 /* VoiceMemosApp.swift */ = {isa = PBXFileReference; fileEncoding = 4; lastKnownFileType = sourcecode.swift; path = VoiceMemosApp.swift; sourceTree = "<group>"; };
		91AC8F822C14089800316BD7 /* AudioRecorderClient.swift */ = {isa = PBXFileReference; fileEncoding = 4; lastKnownFileType = sourcecode.swift; path = AudioRecorderClient.swift; sourceTree = "<group>"; };
		91AC8F832C14089800316BD7 /* LiveAudioRecorderClient.swift */ = {isa = PBXFileReference; fileEncoding = 4; lastKnownFileType = sourcecode.swift; path = LiveAudioRecorderClient.swift; sourceTree = "<group>"; };
		91AC8F852C14089800316BD7 /* VoiceMemo.swift */ = {isa = PBXFileReference; fileEncoding = 4; lastKnownFileType = sourcecode.swift; path = VoiceMemo.swift; sourceTree = "<group>"; };
		91AC8F862C14089800316BD7 /* AudioPlayerClient.swift */ = {isa = PBXFileReference; fileEncoding = 4; lastKnownFileType = sourcecode.swift; path = AudioPlayerClient.swift; sourceTree = "<group>"; };
		91AC8F872C14089800316BD7 /* LiveAudioPlayerClient.swift */ = {isa = PBXFileReference; fileEncoding = 4; lastKnownFileType = sourcecode.swift; path = LiveAudioPlayerClient.swift; sourceTree = "<group>"; };
		91AC8F892C14089800316BD7 /* Helpers.swift */ = {isa = PBXFileReference; fileEncoding = 4; lastKnownFileType = sourcecode.swift; path = Helpers.swift; sourceTree = "<group>"; };
/* End PBXFileReference section */

/* Begin PBXFrameworksBuildPhase section */
		91AC8F592C1407BB00316BD7 /* Frameworks */ = {
			isa = PBXFrameworksBuildPhase;
			buildActionMask = 2147483647;
			files = (
				91AC8F6F2C1407F200316BD7 /* ComposableArchitecture in Frameworks */,
			);
			runOnlyForDeploymentPostprocessing = 0;
		};
		91AC8F712C14081C00316BD7 /* Frameworks */ = {
			isa = PBXFrameworksBuildPhase;
			buildActionMask = 2147483647;
			files = (
			);
			runOnlyForDeploymentPostprocessing = 0;
		};
/* End PBXFrameworksBuildPhase section */

/* Begin PBXGroup section */
		91AC8F532C1407BB00316BD7 = {
			isa = PBXGroup;
			children = (
				91AC8F5E2C1407BB00316BD7 /* VoiceMemos */,
				91AC8F752C14081C00316BD7 /* VoiceMemosTests */,
				91AC8F5D2C1407BB00316BD7 /* Products */,
			);
			sourceTree = "<group>";
		};
		91AC8F5D2C1407BB00316BD7 /* Products */ = {
			isa = PBXGroup;
			children = (
				91AC8F5C2C1407BB00316BD7 /* VoiceMemos.app */,
				91AC8F742C14081C00316BD7 /* VoiceMemosTests.xctest */,
			);
			name = Products;
			sourceTree = "<group>";
		};
		91AC8F5E2C1407BB00316BD7 /* VoiceMemos */ = {
			isa = PBXGroup;
			children = (
				91AC8F882C14089800316BD7 /* AudioPlayerClient */,
				91AC8F842C14089800316BD7 /* AudioRecorderClient */,
				91AC8F802C14089800316BD7 /* Dependencies.swift */,
				91AC8F892C14089800316BD7 /* Helpers.swift */,
				91AC8F7F2C14089800316BD7 /* RecordingMemo.swift */,
				91AC8F852C14089800316BD7 /* VoiceMemo.swift */,
				91AC8F7E2C14089800316BD7 /* VoiceMemos.swift */,
				91AC8F812C14089800316BD7 /* VoiceMemosApp.swift */,
				91AC8F7D2C14086700316BD7 /* Info.plist */,
				91AC8F632C1407BC00316BD7 /* Assets.xcassets */,
				91AC8F652C1407BC00316BD7 /* Preview Content */,
			);
			path = VoiceMemos;
			sourceTree = "<group>";
		};
		91AC8F652C1407BC00316BD7 /* Preview Content */ = {
			isa = PBXGroup;
			children = (
				91AC8F662C1407BC00316BD7 /* Preview Assets.xcassets */,
			);
			path = "Preview Content";
			sourceTree = "<group>";
		};
		91AC8F752C14081C00316BD7 /* VoiceMemosTests */ = {
			isa = PBXGroup;
			children = (
				91AC8F762C14081C00316BD7 /* VoiceMemosTests.swift */,
			);
			path = VoiceMemosTests;
			sourceTree = "<group>";
		};
		91AC8F842C14089800316BD7 /* AudioRecorderClient */ = {
			isa = PBXGroup;
			children = (
				91AC8F822C14089800316BD7 /* AudioRecorderClient.swift */,
				91AC8F832C14089800316BD7 /* LiveAudioRecorderClient.swift */,
			);
			path = AudioRecorderClient;
			sourceTree = "<group>";
		};
		91AC8F882C14089800316BD7 /* AudioPlayerClient */ = {
			isa = PBXGroup;
			children = (
				91AC8F862C14089800316BD7 /* AudioPlayerClient.swift */,
				91AC8F872C14089800316BD7 /* LiveAudioPlayerClient.swift */,
			);
			path = AudioPlayerClient;
			sourceTree = "<group>";
		};
/* End PBXGroup section */

/* Begin PBXNativeTarget section */
		91AC8F5B2C1407BB00316BD7 /* VoiceMemos */ = {
			isa = PBXNativeTarget;
			buildConfigurationList = 91AC8F6A2C1407BC00316BD7 /* Build configuration list for PBXNativeTarget "VoiceMemos" */;
			buildPhases = (
				91AC8F582C1407BB00316BD7 /* Sources */,
				91AC8F592C1407BB00316BD7 /* Frameworks */,
				91AC8F5A2C1407BB00316BD7 /* Resources */,
			);
			buildRules = (
			);
			dependencies = (
			);
			name = VoiceMemos;
			packageProductDependencies = (
				91AC8F6E2C1407F200316BD7 /* ComposableArchitecture */,
			);
			productName = VoiceMemos;
			productReference = 91AC8F5C2C1407BB00316BD7 /* VoiceMemos.app */;
			productType = "com.apple.product-type.application";
		};
		91AC8F732C14081C00316BD7 /* VoiceMemosTests */ = {
			isa = PBXNativeTarget;
			buildConfigurationList = 91AC8F7A2C14081C00316BD7 /* Build configuration list for PBXNativeTarget "VoiceMemosTests" */;
			buildPhases = (
				91AC8F702C14081C00316BD7 /* Sources */,
				91AC8F712C14081C00316BD7 /* Frameworks */,
				91AC8F722C14081C00316BD7 /* Resources */,
			);
			buildRules = (
			);
			dependencies = (
				91AC8F792C14081C00316BD7 /* PBXTargetDependency */,
			);
			name = VoiceMemosTests;
			productName = VoiceMemosTests;
			productReference = 91AC8F742C14081C00316BD7 /* VoiceMemosTests.xctest */;
			productType = "com.apple.product-type.bundle.unit-test";
		};
/* End PBXNativeTarget section */

/* Begin PBXProject section */
		91AC8F542C1407BB00316BD7 /* Project object */ = {
			isa = PBXProject;
			attributes = {
				BuildIndependentTargetsInParallel = 1;
				LastSwiftUpdateCheck = 1540;
				LastUpgradeCheck = 1540;
				TargetAttributes = {
					91AC8F5B2C1407BB00316BD7 = {
						CreatedOnToolsVersion = 15.4;
						LastSwiftMigration = 1540;
					};
					91AC8F732C14081C00316BD7 = {
						CreatedOnToolsVersion = 15.4;
						TestTargetID = 91AC8F5B2C1407BB00316BD7;
					};
				};
			};
			buildConfigurationList = 91AC8F572C1407BB00316BD7 /* Build configuration list for PBXProject "VoiceMemos" */;
			compatibilityVersion = "Xcode 14.0";
			developmentRegion = en;
			hasScannedForEncodings = 0;
			knownRegions = (
				en,
				Base,
			);
			mainGroup = 91AC8F532C1407BB00316BD7;
			packageReferences = (
				91AC8F6D2C1407F100316BD7 /* XCRemoteSwiftPackageReference "swift-composable-architecture" */,
			);
			productRefGroup = 91AC8F5D2C1407BB00316BD7 /* Products */;
			projectDirPath = "";
			projectRoot = "";
			targets = (
				91AC8F5B2C1407BB00316BD7 /* VoiceMemos */,
				91AC8F732C14081C00316BD7 /* VoiceMemosTests */,
			);
		};
/* End PBXProject section */

/* Begin PBXResourcesBuildPhase section */
		91AC8F5A2C1407BB00316BD7 /* Resources */ = {
			isa = PBXResourcesBuildPhase;
			buildActionMask = 2147483647;
			files = (
				91AC8F672C1407BC00316BD7 /* Preview Assets.xcassets in Resources */,
				91AC8F642C1407BC00316BD7 /* Assets.xcassets in Resources */,
			);
			runOnlyForDeploymentPostprocessing = 0;
		};
		91AC8F722C14081C00316BD7 /* Resources */ = {
			isa = PBXResourcesBuildPhase;
			buildActionMask = 2147483647;
			files = (
			);
			runOnlyForDeploymentPostprocessing = 0;
		};
/* End PBXResourcesBuildPhase section */

/* Begin PBXSourcesBuildPhase section */
		91AC8F582C1407BB00316BD7 /* Sources */ = {
			isa = PBXSourcesBuildPhase;
			buildActionMask = 2147483647;
			files = (
				91AC8F912C14089800316BD7 /* AudioPlayerClient.swift in Sources */,
				91AC8F8C2C14089800316BD7 /* Dependencies.swift in Sources */,
				91AC8F922C14089800316BD7 /* LiveAudioPlayerClient.swift in Sources */,
				91AC8F932C14089800316BD7 /* Helpers.swift in Sources */,
				91AC8F902C14089800316BD7 /* VoiceMemo.swift in Sources */,
				91AC8F8E2C14089800316BD7 /* AudioRecorderClient.swift in Sources */,
				91AC8F8A2C14089800316BD7 /* VoiceMemos.swift in Sources */,
				91AC8F8F2C14089800316BD7 /* LiveAudioRecorderClient.swift in Sources */,
				91AC8F8D2C14089800316BD7 /* VoiceMemosApp.swift in Sources */,
				91AC8F8B2C14089800316BD7 /* RecordingMemo.swift in Sources */,
			);
			runOnlyForDeploymentPostprocessing = 0;
		};
		91AC8F702C14081C00316BD7 /* Sources */ = {
			isa = PBXSourcesBuildPhase;
			buildActionMask = 2147483647;
			files = (
				91AC8F772C14081C00316BD7 /* VoiceMemosTests.swift in Sources */,
			);
			runOnlyForDeploymentPostprocessing = 0;
		};
/* End PBXSourcesBuildPhase section */

/* Begin PBXTargetDependency section */
		91AC8F792C14081C00316BD7 /* PBXTargetDependency */ = {
			isa = PBXTargetDependency;
			target = 91AC8F5B2C1407BB00316BD7 /* VoiceMemos */;
			targetProxy = 91AC8F782C14081C00316BD7 /* PBXContainerItemProxy */;
		};
/* End PBXTargetDependency section */

/* Begin XCBuildConfiguration section */
		91AC8F682C1407BC00316BD7 /* Debug */ = {
			isa = XCBuildConfiguration;
			buildSettings = {
				ALWAYS_SEARCH_USER_PATHS = NO;
				ASSETCATALOG_COMPILER_GENERATE_SWIFT_ASSET_SYMBOL_EXTENSIONS = YES;
				CLANG_ANALYZER_NONNULL = YES;
				CLANG_ANALYZER_NUMBER_OBJECT_CONVERSION = YES_AGGRESSIVE;
				CLANG_CXX_LANGUAGE_STANDARD = "gnu++20";
				CLANG_ENABLE_MODULES = YES;
				CLANG_ENABLE_OBJC_ARC = YES;
				CLANG_ENABLE_OBJC_WEAK = YES;
				CLANG_WARN_BLOCK_CAPTURE_AUTORELEASING = YES;
				CLANG_WARN_BOOL_CONVERSION = YES;
				CLANG_WARN_COMMA = YES;
				CLANG_WARN_CONSTANT_CONVERSION = YES;
				CLANG_WARN_DEPRECATED_OBJC_IMPLEMENTATIONS = YES;
				CLANG_WARN_DIRECT_OBJC_ISA_USAGE = YES_ERROR;
				CLANG_WARN_DOCUMENTATION_COMMENTS = YES;
				CLANG_WARN_EMPTY_BODY = YES;
				CLANG_WARN_ENUM_CONVERSION = YES;
				CLANG_WARN_INFINITE_RECURSION = YES;
				CLANG_WARN_INT_CONVERSION = YES;
				CLANG_WARN_NON_LITERAL_NULL_CONVERSION = YES;
				CLANG_WARN_OBJC_IMPLICIT_RETAIN_SELF = YES;
				CLANG_WARN_OBJC_LITERAL_CONVERSION = YES;
				CLANG_WARN_OBJC_ROOT_CLASS = YES_ERROR;
				CLANG_WARN_QUOTED_INCLUDE_IN_FRAMEWORK_HEADER = YES;
				CLANG_WARN_RANGE_LOOP_ANALYSIS = YES;
				CLANG_WARN_STRICT_PROTOTYPES = YES;
				CLANG_WARN_SUSPICIOUS_MOVE = YES;
				CLANG_WARN_UNGUARDED_AVAILABILITY = YES_AGGRESSIVE;
				CLANG_WARN_UNREACHABLE_CODE = YES;
				CLANG_WARN__DUPLICATE_METHOD_MATCH = YES;
				COPY_PHASE_STRIP = NO;
				DEBUG_INFORMATION_FORMAT = dwarf;
				ENABLE_STRICT_OBJC_MSGSEND = YES;
				ENABLE_TESTABILITY = YES;
				ENABLE_USER_SCRIPT_SANDBOXING = YES;
				GCC_C_LANGUAGE_STANDARD = gnu17;
				GCC_DYNAMIC_NO_PIC = NO;
				GCC_NO_COMMON_BLOCKS = YES;
				GCC_OPTIMIZATION_LEVEL = 0;
				GCC_PREPROCESSOR_DEFINITIONS = (
					"DEBUG=1",
					"$(inherited)",
				);
				GCC_WARN_64_TO_32_BIT_CONVERSION = YES;
				GCC_WARN_ABOUT_RETURN_TYPE = YES_ERROR;
				GCC_WARN_UNDECLARED_SELECTOR = YES;
				GCC_WARN_UNINITIALIZED_AUTOS = YES_AGGRESSIVE;
				GCC_WARN_UNUSED_FUNCTION = YES;
				GCC_WARN_UNUSED_VARIABLE = YES;
				IPHONEOS_DEPLOYMENT_TARGET = 17.5;
				LOCALIZATION_PREFERS_STRING_CATALOGS = YES;
				MTL_ENABLE_DEBUG_INFO = INCLUDE_SOURCE;
				MTL_FAST_MATH = YES;
				ONLY_ACTIVE_ARCH = YES;
				SDKROOT = iphoneos;
				SWIFT_ACTIVE_COMPILATION_CONDITIONS = "DEBUG $(inherited)";
				SWIFT_OPTIMIZATION_LEVEL = "-Onone";
			};
			name = Debug;
		};
		91AC8F692C1407BC00316BD7 /* Release */ = {
			isa = XCBuildConfiguration;
			buildSettings = {
				ALWAYS_SEARCH_USER_PATHS = NO;
				ASSETCATALOG_COMPILER_GENERATE_SWIFT_ASSET_SYMBOL_EXTENSIONS = YES;
				CLANG_ANALYZER_NONNULL = YES;
				CLANG_ANALYZER_NUMBER_OBJECT_CONVERSION = YES_AGGRESSIVE;
				CLANG_CXX_LANGUAGE_STANDARD = "gnu++20";
				CLANG_ENABLE_MODULES = YES;
				CLANG_ENABLE_OBJC_ARC = YES;
				CLANG_ENABLE_OBJC_WEAK = YES;
				CLANG_WARN_BLOCK_CAPTURE_AUTORELEASING = YES;
				CLANG_WARN_BOOL_CONVERSION = YES;
				CLANG_WARN_COMMA = YES;
				CLANG_WARN_CONSTANT_CONVERSION = YES;
				CLANG_WARN_DEPRECATED_OBJC_IMPLEMENTATIONS = YES;
				CLANG_WARN_DIRECT_OBJC_ISA_USAGE = YES_ERROR;
				CLANG_WARN_DOCUMENTATION_COMMENTS = YES;
				CLANG_WARN_EMPTY_BODY = YES;
				CLANG_WARN_ENUM_CONVERSION = YES;
				CLANG_WARN_INFINITE_RECURSION = YES;
				CLANG_WARN_INT_CONVERSION = YES;
				CLANG_WARN_NON_LITERAL_NULL_CONVERSION = YES;
				CLANG_WARN_OBJC_IMPLICIT_RETAIN_SELF = YES;
				CLANG_WARN_OBJC_LITERAL_CONVERSION = YES;
				CLANG_WARN_OBJC_ROOT_CLASS = YES_ERROR;
				CLANG_WARN_QUOTED_INCLUDE_IN_FRAMEWORK_HEADER = YES;
				CLANG_WARN_RANGE_LOOP_ANALYSIS = YES;
				CLANG_WARN_STRICT_PROTOTYPES = YES;
				CLANG_WARN_SUSPICIOUS_MOVE = YES;
				CLANG_WARN_UNGUARDED_AVAILABILITY = YES_AGGRESSIVE;
				CLANG_WARN_UNREACHABLE_CODE = YES;
				CLANG_WARN__DUPLICATE_METHOD_MATCH = YES;
				COPY_PHASE_STRIP = NO;
				DEBUG_INFORMATION_FORMAT = "dwarf-with-dsym";
				ENABLE_NS_ASSERTIONS = NO;
				ENABLE_STRICT_OBJC_MSGSEND = YES;
				ENABLE_USER_SCRIPT_SANDBOXING = YES;
				GCC_C_LANGUAGE_STANDARD = gnu17;
				GCC_NO_COMMON_BLOCKS = YES;
				GCC_WARN_64_TO_32_BIT_CONVERSION = YES;
				GCC_WARN_ABOUT_RETURN_TYPE = YES_ERROR;
				GCC_WARN_UNDECLARED_SELECTOR = YES;
				GCC_WARN_UNINITIALIZED_AUTOS = YES_AGGRESSIVE;
				GCC_WARN_UNUSED_FUNCTION = YES;
				GCC_WARN_UNUSED_VARIABLE = YES;
				IPHONEOS_DEPLOYMENT_TARGET = 17.5;
				LOCALIZATION_PREFERS_STRING_CATALOGS = YES;
				MTL_ENABLE_DEBUG_INFO = NO;
				MTL_FAST_MATH = YES;
				SDKROOT = iphoneos;
				SWIFT_COMPILATION_MODE = wholemodule;
				VALIDATE_PRODUCT = YES;
			};
			name = Release;
		};
		91AC8F6B2C1407BC00316BD7 /* Debug */ = {
			isa = XCBuildConfiguration;
			buildSettings = {
				ASSETCATALOG_COMPILER_APPICON_NAME = AppIcon;
				ASSETCATALOG_COMPILER_GLOBAL_ACCENT_COLOR_NAME = AccentColor;
				CLANG_ENABLE_MODULES = YES;
				CODE_SIGN_STYLE = Automatic;
				CURRENT_PROJECT_VERSION = 1;
				DEVELOPMENT_ASSET_PATHS = "\"VoiceMemos/Preview Content\"";
				DEVELOPMENT_TEAM = WDE622528T;
				ENABLE_PREVIEWS = YES;
				GENERATE_INFOPLIST_FILE = YES;
				INFOPLIST_FILE = VoiceMemos/Info.plist;
				INFOPLIST_KEY_NSMicrophoneUsageDescription = "Your microphone will be used to record your speech when you press the \"Start Recording\" button.";
				INFOPLIST_KEY_UIApplicationSceneManifest_Generation = YES;
				INFOPLIST_KEY_UIApplicationSupportsIndirectInputEvents = YES;
				INFOPLIST_KEY_UILaunchScreen_Generation = YES;
				INFOPLIST_KEY_UISupportedInterfaceOrientations_iPad = "UIInterfaceOrientationPortrait UIInterfaceOrientationPortraitUpsideDown UIInterfaceOrientationLandscapeLeft UIInterfaceOrientationLandscapeRight";
				INFOPLIST_KEY_UISupportedInterfaceOrientations_iPhone = "UIInterfaceOrientationPortrait UIInterfaceOrientationLandscapeLeft UIInterfaceOrientationLandscapeRight";
				IPHONEOS_DEPLOYMENT_TARGET = 17.0;
				LD_RUNPATH_SEARCH_PATHS = (
					"$(inherited)",
					"@executable_path/Frameworks",
				);
				MARKETING_VERSION = 1.0;
				PRODUCT_BUNDLE_IDENTIFIER = com.tospery.VoiceMemos;
				PRODUCT_NAME = "$(TARGET_NAME)";
				SWIFT_EMIT_LOC_STRINGS = YES;
				SWIFT_OPTIMIZATION_LEVEL = "-Onone";
				SWIFT_VERSION = 5.0;
				TARGETED_DEVICE_FAMILY = "1,2";
			};
			name = Debug;
		};
		91AC8F6C2C1407BC00316BD7 /* Release */ = {
			isa = XCBuildConfiguration;
			buildSettings = {
				ASSETCATALOG_COMPILER_APPICON_NAME = AppIcon;
				ASSETCATALOG_COMPILER_GLOBAL_ACCENT_COLOR_NAME = AccentColor;
				CLANG_ENABLE_MODULES = YES;
				CODE_SIGN_STYLE = Automatic;
				CURRENT_PROJECT_VERSION = 1;
				DEVELOPMENT_ASSET_PATHS = "\"VoiceMemos/Preview Content\"";
				DEVELOPMENT_TEAM = WDE622528T;
				ENABLE_PREVIEWS = YES;
				GENERATE_INFOPLIST_FILE = YES;
				INFOPLIST_FILE = VoiceMemos/Info.plist;
				INFOPLIST_KEY_NSMicrophoneUsageDescription = "Your microphone will be used to record your speech when you press the \"Start Recording\" button.";
				INFOPLIST_KEY_UIApplicationSceneManifest_Generation = YES;
				INFOPLIST_KEY_UIApplicationSupportsIndirectInputEvents = YES;
				INFOPLIST_KEY_UILaunchScreen_Generation = YES;
				INFOPLIST_KEY_UISupportedInterfaceOrientations_iPad = "UIInterfaceOrientationPortrait UIInterfaceOrientationPortraitUpsideDown UIInterfaceOrientationLandscapeLeft UIInterfaceOrientationLandscapeRight";
				INFOPLIST_KEY_UISupportedInterfaceOrientations_iPhone = "UIInterfaceOrientationPortrait UIInterfaceOrientationLandscapeLeft UIInterfaceOrientationLandscapeRight";
				IPHONEOS_DEPLOYMENT_TARGET = 17.0;
				LD_RUNPATH_SEARCH_PATHS = (
					"$(inherited)",
					"@executable_path/Frameworks",
				);
				MARKETING_VERSION = 1.0;
				PRODUCT_BUNDLE_IDENTIFIER = com.tospery.VoiceMemos;
				PRODUCT_NAME = "$(TARGET_NAME)";
				SWIFT_EMIT_LOC_STRINGS = YES;
				SWIFT_VERSION = 5.0;
				TARGETED_DEVICE_FAMILY = "1,2";
			};
			name = Release;
		};
		91AC8F7B2C14081C00316BD7 /* Debug */ = {
			isa = XCBuildConfiguration;
			buildSettings = {
				ALWAYS_EMBED_SWIFT_STANDARD_LIBRARIES = YES;
				BUNDLE_LOADER = "$(TEST_HOST)";
				CODE_SIGN_STYLE = Automatic;
				CURRENT_PROJECT_VERSION = 1;
				DEVELOPMENT_TEAM = WDE622528T;
				GENERATE_INFOPLIST_FILE = YES;
				MARKETING_VERSION = 1.0;
				PRODUCT_BUNDLE_IDENTIFIER = com.tospery.VoiceMemosTests;
				PRODUCT_NAME = "$(TARGET_NAME)";
				SWIFT_EMIT_LOC_STRINGS = NO;
				SWIFT_VERSION = 5.0;
				TARGETED_DEVICE_FAMILY = "1,2";
				TEST_HOST = "$(BUILT_PRODUCTS_DIR)/VoiceMemos.app/$(BUNDLE_EXECUTABLE_FOLDER_PATH)/VoiceMemos";
			};
			name = Debug;
		};
		91AC8F7C2C14081C00316BD7 /* Release */ = {
			isa = XCBuildConfiguration;
			buildSettings = {
				ALWAYS_EMBED_SWIFT_STANDARD_LIBRARIES = YES;
				BUNDLE_LOADER = "$(TEST_HOST)";
				CODE_SIGN_STYLE = Automatic;
				CURRENT_PROJECT_VERSION = 1;
				DEVELOPMENT_TEAM = WDE622528T;
				GENERATE_INFOPLIST_FILE = YES;
				MARKETING_VERSION = 1.0;
				PRODUCT_BUNDLE_IDENTIFIER = com.tospery.VoiceMemosTests;
				PRODUCT_NAME = "$(TARGET_NAME)";
				SWIFT_EMIT_LOC_STRINGS = NO;
				SWIFT_VERSION = 5.0;
				TARGETED_DEVICE_FAMILY = "1,2";
				TEST_HOST = "$(BUILT_PRODUCTS_DIR)/VoiceMemos.app/$(BUNDLE_EXECUTABLE_FOLDER_PATH)/VoiceMemos";
			};
			name = Release;
		};
/* End XCBuildConfiguration section */

/* Begin XCConfigurationList section */
		91AC8F572C1407BB00316BD7 /* Build configuration list for PBXProject "VoiceMemos" */ = {
			isa = XCConfigurationList;
			buildConfigurations = (
				91AC8F682C1407BC00316BD7 /* Debug */,
				91AC8F692C1407BC00316BD7 /* Release */,
			);
			defaultConfigurationIsVisible = 0;
			defaultConfigurationName = Release;
		};
		91AC8F6A2C1407BC00316BD7 /* Build configuration list for PBXNativeTarget "VoiceMemos" */ = {
			isa = XCConfigurationList;
			buildConfigurations = (
				91AC8F6B2C1407BC00316BD7 /* Debug */,
				91AC8F6C2C1407BC00316BD7 /* Release */,
			);
			defaultConfigurationIsVisible = 0;
			defaultConfigurationName = Release;
		};
		91AC8F7A2C14081C00316BD7 /* Build configuration list for PBXNativeTarget "VoiceMemosTests" */ = {
			isa = XCConfigurationList;
			buildConfigurations = (
				91AC8F7B2C14081C00316BD7 /* Debug */,
				91AC8F7C2C14081C00316BD7 /* Release */,
			);
			defaultConfigurationIsVisible = 0;
			defaultConfigurationName = Release;
		};
/* End XCConfigurationList section */

/* Begin XCRemoteSwiftPackageReference section */
		91AC8F6D2C1407F100316BD7 /* XCRemoteSwiftPackageReference "swift-composable-architecture" */ = {
			isa = XCRemoteSwiftPackageReference;
			repositoryURL = "https://github.com/pointfreeco/swift-composable-architecture";
			requirement = {
				kind = upToNextMajorVersion;
				minimumVersion = 1.11.0;
			};
		};
/* End XCRemoteSwiftPackageReference section */

/* Begin XCSwiftPackageProductDependency section */
		91AC8F6E2C1407F200316BD7 /* ComposableArchitecture */ = {
			isa = XCSwiftPackageProductDependency;
			package = 91AC8F6D2C1407F100316BD7 /* XCRemoteSwiftPackageReference "swift-composable-architecture" */;
			productName = ComposableArchitecture;
		};
/* End XCSwiftPackageProductDependency section */
	};
	rootObject = 91AC8F542C1407BB00316BD7 /* Project object */;
}
